// !$*UTF8*$!
{
	archiveVersion = 1;
	classes = {
	};
	objectVersion = 46;
	objects = {

/* Begin PBXBuildFile section */
		01DCDE091E440C7100736A61 /* ws_boundingbox.cpp in Sources */ = {isa = PBXBuildFile; fileRef = 01DCDE071E440C7100736A61 /* ws_boundingbox.cpp */; };
		01DCDE0A1E440C7100736A61 /* ws_boundingbox.h in Headers */ = {isa = PBXBuildFile; fileRef = 01DCDE081E440C7100736A61 /* ws_boundingbox.h */; };
		01DED4A11E41EB24001BFF25 /* canstackgenerator.cpp in Sources */ = {isa = PBXBuildFile; fileRef = 01DED49F1E41EB24001BFF25 /* canstackgenerator.cpp */; };
		01DED4A21E41EB24001BFF25 /* canstackgenerator.h in Headers */ = {isa = PBXBuildFile; fileRef = 01DED4A01E41EB24001BFF25 /* canstackgenerator.h */; };
		A0A66833391837B5E7010000 /* main.h in Headers */ = {isa = PBXBuildFile; fileRef = A0A66833391837B5E7000000 /* main.h */; };
		A0A66833396741B662010000 /* ostack.cpp in Sources */ = {isa = PBXBuildFile; fileRef = A0A66833396741B662000000 /* ostack.cpp */; };
		A0A6683339E921D362010000 /* main.cpp in Sources */ = {isa = PBXBuildFile; fileRef = A0A6683339E921D362000000 /* main.cpp */; };
		A0A6683339F470FF41010000 /* libcinema.framework.a in Frameworks */ = {isa = PBXBuildFile; fileRef = A0A6683339F470FF41000000 /* libcinema.framework.a */; };
/* End PBXBuildFile section */

/* Begin PBXContainerItemProxy section */
		28945ECC17E25C1A009BE29F /* PBXContainerItemProxy */ = {
			isa = PBXContainerItemProxy;
			containerPortal = A0A6683339F470FF41020000 /* cinema.framework.xcodeproj */;
			proxyType = 2;
			remoteGlobalIDString = A08C5CDEA3F470FF417B0100;
			remoteInfo = "cinema.framework static library";
		};
		A0A6683339F470FF41040000 /* PBXContainerItemProxy */ = {
			isa = PBXContainerItemProxy;
			containerPortal = A0A6683339F470FF41020000 /* cinema.framework.xcodeproj */;
			proxyType = 2;
			remoteGlobalIDString = A08C5CDEA3F470FF417B0000;
			remoteInfo = cinema.framework;
		};
		A0A6683339F470FF41050000 /* PBXContainerItemProxy */ = {
			isa = PBXContainerItemProxy;
			containerPortal = A0A6683339F470FF41020000 /* cinema.framework.xcodeproj */;
			proxyType = 1;
			remoteGlobalIDString = A08C5CDEA3F470FF41000000;
			remoteInfo = cinema.framework;
		};
/* End PBXContainerItemProxy section */

/* Begin PBXFileReference section */
		01DCDE071E440C7100736A61 /* ws_boundingbox.cpp */ = {isa = PBXFileReference; fileEncoding = 4; lastKnownFileType = sourcecode.cpp.cpp; name = ws_boundingbox.cpp; path = source/lib/ws_boundingbox.cpp; sourceTree = SOURCE_ROOT; };
		01DCDE081E440C7100736A61 /* ws_boundingbox.h */ = {isa = PBXFileReference; fileEncoding = 4; lastKnownFileType = sourcecode.c.h; name = ws_boundingbox.h; path = source/lib/ws_boundingbox.h; sourceTree = SOURCE_ROOT; };
		01DED49D1E41E6BC001BFF25 /* res */ = {isa = PBXFileReference; lastKnownFileType = folder; path = res; sourceTree = "<group>"; };
		01DED49F1E41EB24001BFF25 /* canstackgenerator.cpp */ = {isa = PBXFileReference; fileEncoding = 4; lastKnownFileType = sourcecode.cpp.cpp; name = canstackgenerator.cpp; path = source/lib/canstackgenerator.cpp; sourceTree = SOURCE_ROOT; };
		01DED4A01E41EB24001BFF25 /* canstackgenerator.h */ = {isa = PBXFileReference; fileEncoding = 4; lastKnownFileType = sourcecode.c.h; name = canstackgenerator.h; path = source/lib/canstackgenerator.h; sourceTree = SOURCE_ROOT; };
		8ACD68381C66E7D100F34089 /* sanitizerbase.xcconfig */ = {isa = PBXFileReference; lastKnownFileType = text.xcconfig; name = sanitizerbase.xcconfig; path = ../../frameworks/settings/sanitizerbase.xcconfig; sourceTree = "<group>"; };
		A08C5CDEA3A66833397B0000 /* StackObject.dylib */ = {isa = PBXFileReference; explicitFileType = "compiled.mach-o.dylib"; includeInIndex = 0; path = StackObject.dylib; sourceTree = BUILT_PRODUCTS_DIR; };
		A0A668333900000000000000 /* debugbase.xcconfig */ = {isa = PBXFileReference; fileEncoding = 4; lastKnownFileType = text.xcconfig; name = debugbase.xcconfig; path = ../../frameworks/settings/debugbase.xcconfig; sourceTree = SOURCE_ROOT; };
		A0A668333900000000050000 /* releasebase.xcconfig */ = {isa = PBXFileReference; fileEncoding = 4; lastKnownFileType = text.xcconfig; name = releasebase.xcconfig; path = ../../frameworks/settings/releasebase.xcconfig; sourceTree = SOURCE_ROOT; };
		A0A66833391837B5E7000000 /* main.h */ = {isa = PBXFileReference; fileEncoding = 4; lastKnownFileType = sourcecode.c.h; name = main.h; path = source/main.h; sourceTree = SOURCE_ROOT; };
		A0A66833396741B662000000 /* ostack.cpp */ = {isa = PBXFileReference; fileEncoding = 4; lastKnownFileType = sourcecode.cpp.cpp; name = ostack.cpp; path = source/object/ostack.cpp; sourceTree = SOURCE_ROOT; };
		A0A6683339E921D362000000 /* main.cpp */ = {isa = PBXFileReference; fileEncoding = 4; lastKnownFileType = sourcecode.cpp.cpp; name = main.cpp; path = source/main.cpp; sourceTree = SOURCE_ROOT; };
		A0A6683339F470FF41020000 /* cinema.framework.xcodeproj */ = {isa = PBXFileReference; lastKnownFileType = "wrapper.pb-project"; name = cinema.framework.xcodeproj; path = ../../frameworks/cinema.framework/project/cinema.framework.xcodeproj; sourceTree = SOURCE_ROOT; };
/* End PBXFileReference section */

/* Begin PBXFrameworksBuildPhase section */
		A0A6683339000000000F0000 /* Frameworks */ = {
			isa = PBXFrameworksBuildPhase;
			buildActionMask = 2147483647;
			files = (
				A0A6683339F470FF41010000 /* libcinema.framework.a in Frameworks */,
			);
			runOnlyForDeploymentPostprocessing = 0;
		};
/* End PBXFrameworksBuildPhase section */

/* Begin PBXGroup section */
		01DED49E1E41EAEF001BFF25 /* lib */ = {
			isa = PBXGroup;
			children = (
				01DED4A01E41EB24001BFF25 /* canstackgenerator.h */,
				01DED49F1E41EB24001BFF25 /* canstackgenerator.cpp */,
				01DCDE081E440C7100736A61 /* ws_boundingbox.h */,
				01DCDE071E440C7100736A61 /* ws_boundingbox.cpp */,
			);
			name = lib;
			sourceTree = "<group>";
		};
		A0A668333900000000140000 /* libs */ = {
			isa = PBXGroup;
			children = (
				A0A6683339F470FF41020000 /* cinema.framework.xcodeproj */,
			);
			name = libs;
			sourceTree = "<group>";
		};
		A0A668333900000000190000 /* configurations */ = {
			isa = PBXGroup;
			children = (
				8ACD68381C66E7D100F34089 /* sanitizerbase.xcconfig */,
				A0A668333900000000000000 /* debugbase.xcconfig */,
				A0A668333900000000050000 /* releasebase.xcconfig */,
			);
			name = configurations;
			sourceTree = "<group>";
		};
		A0A6683339000000001E0000 = {
			isa = PBXGroup;
			children = (
				A0A668333900000000190000 /* configurations */,
				A0A668333900000000140000 /* libs */,
				A0A668333900000000230000 /* products */,
				01DED49D1E41E6BC001BFF25 /* res */,
				A0A6683339CA90681B000000 /* source */,
			);
			sourceTree = "<group>";
		};
		A0A668333900000000230000 /* products */ = {
			isa = PBXGroup;
			children = (
				A08C5CDEA3A66833397B0000 /* StackObject.dylib */,
			);
			name = products;
			sourceTree = "<group>";
		};
		A0A66833391BAFD7B3000000 /* object */ = {
			isa = PBXGroup;
			children = (
				A0A66833396741B662000000 /* ostack.cpp */,
			);
			name = object;
			path = ../source/object;
			sourceTree = SOURCE_ROOT;
		};
		A0A6683339CA90681B000000 /* source */ = {
			isa = PBXGroup;
			children = (
				01DED49E1E41EAEF001BFF25 /* lib */,
				A0A66833391BAFD7B3000000 /* object */,
				A0A6683339E921D362000000 /* main.cpp */,
				A0A66833391837B5E7000000 /* main.h */,
			);
			name = source;
			path = ../source;
			sourceTree = SOURCE_ROOT;
		};
		A0A6683339F470FF41280000 /* products */ = {
			isa = PBXGroup;
			children = (
				A0A6683339F470FF41000000 /* libcinema.framework.a */,
				28945ECD17E25C1A009BE29F /* libcinema.framework_static.a */,
			);
			name = products;
			sourceTree = "<group>";
		};
/* End PBXGroup section */

/* Begin PBXHeadersBuildPhase section */
		A0A6683339000000002D0000 /* Headers */ = {
			isa = PBXHeadersBuildPhase;
			buildActionMask = 2147483647;
			files = (
				A0A66833391837B5E7010000 /* main.h in Headers */,
				01DED4A21E41EB24001BFF25 /* canstackgenerator.h in Headers */,
				01DCDE0A1E440C7100736A61 /* ws_boundingbox.h in Headers */,
			);
			runOnlyForDeploymentPostprocessing = 0;
		};
/* End PBXHeadersBuildPhase section */

/* Begin PBXNativeTarget section */
		A08C5CDEA3A6683339000000 /* StackObject */ = {
			isa = PBXNativeTarget;
			buildConfigurationList = A0A668333900000000460000 /* Build configuration list for PBXNativeTarget "StackObject" */;
			buildPhases = (
				A0A668333900000000320000 /* Sources */,
				A0A6683339000000000F0000 /* Frameworks */,
				A0A6683339000000002D0000 /* Headers */,
			);
			buildRules = (
			);
			dependencies = (
				A0A6683339F470FF41370000 /* PBXTargetDependency */,
			);
			name = StackObject;
			productName = cinema4dsdk;
			productReference = A08C5CDEA3A66833397B0000 /* StackObject.dylib */;
			productType = "com.apple.product-type.library.dynamic";
		};
/* End PBXNativeTarget section */

/* Begin PBXProject section */
		A0A6683339000000003C0000 /* Project object */ = {
			isa = PBXProject;
			attributes = {
				LastUpgradeCheck = 0720;
				ORGANIZATIONNAME = "";
			};
			buildConfigurationList = A0A668333900000000410000 /* Build configuration list for PBXProject "StackObject" */;
			compatibilityVersion = "Xcode 3.2";
			developmentRegion = English;
			hasScannedForEncodings = 0;
			knownRegions = (
				en,
			);
			mainGroup = A0A6683339000000001E0000;
			productRefGroup = A0A668333900000000230000 /* products */;
			projectDirPath = "";
			projectReferences = (
				{
					ProductGroup = A0A6683339F470FF41280000 /* products */;
					ProjectRef = A0A6683339F470FF41020000 /* cinema.framework.xcodeproj */;
				},
			);
			projectRoot = "";
			targets = (
				A08C5CDEA3A6683339000000 /* StackObject */,
			);
		};
/* End PBXProject section */

/* Begin PBXReferenceProxy section */
		28945ECD17E25C1A009BE29F /* libcinema.framework_static.a */ = {
			isa = PBXReferenceProxy;
			fileType = archive.ar;
			path = libcinema.framework_static.a;
			remoteRef = 28945ECC17E25C1A009BE29F /* PBXContainerItemProxy */;
			sourceTree = BUILT_PRODUCTS_DIR;
		};
		A0A6683339F470FF41000000 /* libcinema.framework.a */ = {
			isa = PBXReferenceProxy;
			fileType = archive.ar;
			path = libcinema.framework.a;
			remoteRef = A0A6683339F470FF41040000 /* PBXContainerItemProxy */;
			sourceTree = BUILT_PRODUCTS_DIR;
		};
/* End PBXReferenceProxy section */

/* Begin PBXSourcesBuildPhase section */
		A0A668333900000000320000 /* Sources */ = {
			isa = PBXSourcesBuildPhase;
			buildActionMask = 2147483647;
			files = (
				A0A66833396741B662010000 /* ostack.cpp in Sources */,
				01DCDE091E440C7100736A61 /* ws_boundingbox.cpp in Sources */,
				01DED4A11E41EB24001BFF25 /* canstackgenerator.cpp in Sources */,
				A0A6683339E921D362010000 /* main.cpp in Sources */,
			);
			runOnlyForDeploymentPostprocessing = 0;
		};
/* End PBXSourcesBuildPhase section */

/* Begin PBXTargetDependency section */
		A0A6683339F470FF41370000 /* PBXTargetDependency */ = {
			isa = PBXTargetDependency;
			name = cinema.framework;
			targetProxy = A0A6683339F470FF41050000 /* PBXContainerItemProxy */;
		};
/* End PBXTargetDependency section */

/* Begin XCBuildConfiguration section */
		8A256EB71D81E7D100E325D9 /* UnitySanitize */ = {
			isa = XCBuildConfiguration;
			baseConfigurationReference = 8ACD68381C66E7D100F34089 /* sanitizerbase.xcconfig */;
			buildSettings = {
				ENABLE_STRICT_OBJC_MSGSEND = YES;
				ENABLE_TESTABILITY = YES;
				GCC_NO_COMMON_BLOCKS = YES;
				MAXON_ROOTDIR = ../../;
				ONLY_ACTIVE_ARCH = YES;
				USER_HEADER_SEARCH_PATHS = "./source/** ./res ./res/description $(MAXON_ROOTDIR)frameworks/cinema.framework/source/** $(inherited)";
			};
			name = UnitySanitize;
		};
		8A256EB81D81E7D100E325D9 /* UnitySanitize */ = {
			isa = XCBuildConfiguration;
			buildSettings = {
				DEPLOYMENT_LOCATION = YES;
				EXECUTABLE_EXTENSION = dylib;
				INSTALL_PATH = /.;
				PRODUCT_NAME = StackObject;
			};
			name = UnitySanitize;
		};
		8ACD68351C66E7A300F34089 /* Sanitize */ = {
			isa = XCBuildConfiguration;
			baseConfigurationReference = 8ACD68381C66E7D100F34089 /* sanitizerbase.xcconfig */;
			buildSettings = {
				ENABLE_STRICT_OBJC_MSGSEND = YES;
				ENABLE_TESTABILITY = YES;
				GCC_NO_COMMON_BLOCKS = YES;
				MAXON_ROOTDIR = ../../;
				ONLY_ACTIVE_ARCH = YES;
				USER_HEADER_SEARCH_PATHS = "./source/** ./res ./res/description $(MAXON_ROOTDIR)frameworks/cinema.framework/source/** $(inherited)";
			};
			name = Sanitize;
		};
		8ACD68361C66E7A300F34089 /* Sanitize */ = {
			isa = XCBuildConfiguration;
			buildSettings = {
				DEPLOYMENT_LOCATION = YES;
				EXECUTABLE_EXTENSION = dylib;
				INSTALL_PATH = /.;
				PRODUCT_NAME = StackObject;
			};
			name = Sanitize;
		};
		A0A6683339000000004B0000 /* Debug */ = {
			isa = XCBuildConfiguration;
			baseConfigurationReference = A0A668333900000000000000 /* debugbase.xcconfig */;
			buildSettings = {
				ENABLE_STRICT_OBJC_MSGSEND = YES;
				ENABLE_TESTABILITY = YES;
				GCC_NO_COMMON_BLOCKS = YES;
				MAXON_ROOTDIR = ../../;
				ONLY_ACTIVE_ARCH = YES;
				USER_HEADER_SEARCH_PATHS = "./source/** ./res ./res/description $(MAXON_ROOTDIR)frameworks/cinema.framework/source/** $(inherited)";
			};
			name = Debug;
		};
		A0A668333900000000500000 /* Release */ = {
			isa = XCBuildConfiguration;
			baseConfigurationReference = A0A668333900000000050000 /* releasebase.xcconfig */;
			buildSettings = {
				ENABLE_STRICT_OBJC_MSGSEND = YES;
				GCC_NO_COMMON_BLOCKS = YES;
				MAXON_ROOTDIR = ../../;
				USER_HEADER_SEARCH_PATHS = "./source/** ./res ./res/description $(MAXON_ROOTDIR)frameworks/cinema.framework/source/** $(inherited)";
			};
			name = Release;
		};
		A0A6683339000000005A0000 /* Debug */ = {
			isa = XCBuildConfiguration;
			buildSettings = {
				DEPLOYMENT_LOCATION = YES;
				EXECUTABLE_EXTENSION = dylib;
				INSTALL_PATH = /.;
				PRODUCT_NAME = StackObject;
			};
			name = Debug;
		};
		A0A6683339000000005F0000 /* Release */ = {
			isa = XCBuildConfiguration;
			buildSettings = {
				DEPLOYMENT_LOCATION = YES;
				EXECUTABLE_EXTENSION = dylib;
				INSTALL_PATH = /.;
				PRODUCT_NAME = StackObject;
			};
			name = Release;
		};
/* End XCBuildConfiguration section */

/* Begin XCConfigurationList section */
		A0A668333900000000410000 /* Build configuration list for PBXProject "StackObject" */ = {
			isa = XCConfigurationList;
			buildConfigurations = (
				A0A6683339000000004B0000 /* Debug */,
				8ACD68351C66E7A300F34089 /* Sanitize */,
				8A256EB71D81E7D100E325D9 /* UnitySanitize */,
				A0A668333900000000500000 /* Release */,
			);
			defaultConfigurationIsVisible = 0;
			defaultConfigurationName = Debug;
		};
		A0A668333900000000460000 /* Build configuration list for PBXNativeTarget "StackObject" */ = {
			isa = XCConfigurationList;
			buildConfigurations = (
				A0A6683339000000005A0000 /* Debug */,
				8ACD68361C66E7A300F34089 /* Sanitize */,
				8A256EB81D81E7D100E325D9 /* UnitySanitize */,
				A0A6683339000000005F0000 /* Release */,
			);
			defaultConfigurationIsVisible = 0;
			defaultConfigurationName = Debug;
		};
/* End XCConfigurationList section */
	};
	rootObject = A0A6683339000000003C0000 /* Project object */;
}
